// !$*UTF8*$!
{
	archiveVersion = 1;
	classes = {
	};
	objectVersion = 77;
	objects = {

/* Begin PBXBuildFile section */
		4289FCF82D70DF8500EC2762 /* WidgetKit.framework in Frameworks */ = {isa = PBXBuildFile; fileRef = 4289FCF72D70DF8500EC2762 /* WidgetKit.framework */; };
		4289FCFA2D70DF8500EC2762 /* SwiftUI.framework in Frameworks */ = {isa = PBXBuildFile; fileRef = 4289FCF92D70DF8500EC2762 /* SwiftUI.framework */; };
		4289FD082D70DF8600EC2762 /* NactionsWidgetsExtension.appex in Embed Foundation Extensions */ = {isa = PBXBuildFile; fileRef = 4289FCF52D70DF8500EC2762 /* NactionsWidgetsExtension.appex */; settings = {ATTRIBUTES = (RemoveHeadersOnCopy, ); }; };
		4289FD6E2D70F20E00EC2762 /* NactionsKit.framework in Frameworks */ = {isa = PBXBuildFile; fileRef = 4289FD662D70F20E00EC2762 /* NactionsKit.framework */; };
		4289FD9C2D712BC900EC2762 /* NactionsKit.framework in Frameworks */ = {isa = PBXBuildFile; fileRef = 4289FD662D70F20E00EC2762 /* NactionsKit.framework */; };
		4289FD9D2D712BC900EC2762 /* NactionsKit.framework in Embed Frameworks */ = {isa = PBXBuildFile; fileRef = 4289FD662D70F20E00EC2762 /* NactionsKit.framework */; settings = {ATTRIBUTES = (CodeSignOnCopy, RemoveHeadersOnCopy, ); }; };
		4289FDA12D712BD400EC2762 /* NactionsKit.framework in Frameworks */ = {isa = PBXBuildFile; fileRef = 4289FD662D70F20E00EC2762 /* NactionsKit.framework */; };
		4289FDA22D712BD400EC2762 /* NactionsKit.framework in Embed Frameworks */ = {isa = PBXBuildFile; fileRef = 4289FD662D70F20E00EC2762 /* NactionsKit.framework */; settings = {ATTRIBUTES = (CodeSignOnCopy, RemoveHeadersOnCopy, ); }; };
/* End PBXBuildFile section */

/* Begin PBXContainerItemProxy section */
		4289FD062D70DF8600EC2762 /* PBXContainerItemProxy */ = {
			isa = PBXContainerItemProxy;
			containerPortal = 42BAE9AE2D7062F700E90D94 /* Project object */;
			proxyType = 1;
			remoteGlobalIDString = 4289FCF42D70DF8500EC2762;
			remoteInfo = NactionsWidgetsExtension;
		};
		4289FD342D70F1A800EC2762 /* PBXContainerItemProxy */ = {
			isa = PBXContainerItemProxy;
			containerPortal = 42BAE9AE2D7062F700E90D94 /* Project object */;
			proxyType = 1;
			remoteGlobalIDString = 42BAE9B52D7062F700E90D94;
			remoteInfo = Nactions;
		};
		4289FD6F2D70F20E00EC2762 /* PBXContainerItemProxy */ = {
			isa = PBXContainerItemProxy;
			containerPortal = 42BAE9AE2D7062F700E90D94 /* Project object */;
			proxyType = 1;
			remoteGlobalIDString = 4289FD652D70F20E00EC2762;
			remoteInfo = NactionsShared;
		};
		4289FD712D70F20E00EC2762 /* PBXContainerItemProxy */ = {
			isa = PBXContainerItemProxy;
			containerPortal = 42BAE9AE2D7062F700E90D94 /* Project object */;
			proxyType = 1;
			remoteGlobalIDString = 42BAE9B52D7062F700E90D94;
			remoteInfo = Nactions;
		};
		4289FD9E2D712BC900EC2762 /* PBXContainerItemProxy */ = {
			isa = PBXContainerItemProxy;
			containerPortal = 42BAE9AE2D7062F700E90D94 /* Project object */;
			proxyType = 1;
			remoteGlobalIDString = 4289FD652D70F20E00EC2762;
			remoteInfo = NactionsKit;
		};
		4289FDA32D712BD400EC2762 /* PBXContainerItemProxy */ = {
			isa = PBXContainerItemProxy;
			containerPortal = 42BAE9AE2D7062F700E90D94 /* Project object */;
			proxyType = 1;
			remoteGlobalIDString = 4289FD652D70F20E00EC2762;
			remoteInfo = NactionsKit;
		};
		42BAE9CB2D7062F800E90D94 /* PBXContainerItemProxy */ = {
			isa = PBXContainerItemProxy;
			containerPortal = 42BAE9AE2D7062F700E90D94 /* Project object */;
			proxyType = 1;
			remoteGlobalIDString = 42BAE9B52D7062F700E90D94;
			remoteInfo = Nactions;
		};
		42BAE9D52D7062F800E90D94 /* PBXContainerItemProxy */ = {
			isa = PBXContainerItemProxy;
			containerPortal = 42BAE9AE2D7062F700E90D94 /* Project object */;
			proxyType = 1;
			remoteGlobalIDString = 42BAE9B52D7062F700E90D94;
			remoteInfo = Nactions;
		};
/* End PBXContainerItemProxy section */

/* Begin PBXCopyFilesBuildPhase section */
		4289FD092D70DF8600EC2762 /* Embed Foundation Extensions */ = {
			isa = PBXCopyFilesBuildPhase;
			buildActionMask = 2147483647;
			dstPath = "";
			dstSubfolderSpec = 13;
			files = (
				4289FD082D70DF8600EC2762 /* NactionsWidgetsExtension.appex in Embed Foundation Extensions */,
			);
			name = "Embed Foundation Extensions";
			runOnlyForDeploymentPostprocessing = 0;
		};
		4289FDA02D712BC900EC2762 /* Embed Frameworks */ = {
			isa = PBXCopyFilesBuildPhase;
			buildActionMask = 2147483647;
			dstPath = "";
			dstSubfolderSpec = 10;
			files = (
				4289FD9D2D712BC900EC2762 /* NactionsKit.framework in Embed Frameworks */,
			);
			name = "Embed Frameworks";
			runOnlyForDeploymentPostprocessing = 0;
		};
		4289FDA52D712BD400EC2762 /* Embed Frameworks */ = {
			isa = PBXCopyFilesBuildPhase;
			buildActionMask = 2147483647;
			dstPath = "";
			dstSubfolderSpec = 10;
			files = (
				4289FDA22D712BD400EC2762 /* NactionsKit.framework in Embed Frameworks */,
			);
			name = "Embed Frameworks";
			runOnlyForDeploymentPostprocessing = 0;
		};
/* End PBXCopyFilesBuildPhase section */

/* Begin PBXFileReference section */
		4289FCF52D70DF8500EC2762 /* NactionsWidgetsExtension.appex */ = {isa = PBXFileReference; explicitFileType = "wrapper.app-extension"; includeInIndex = 0; path = NactionsWidgetsExtension.appex; sourceTree = BUILT_PRODUCTS_DIR; };
		4289FCF72D70DF8500EC2762 /* WidgetKit.framework */ = {isa = PBXFileReference; lastKnownFileType = wrapper.framework; name = WidgetKit.framework; path = /System/Library/Frameworks/WidgetKit.framework; sourceTree = "<absolute>"; };
		4289FCF92D70DF8500EC2762 /* SwiftUI.framework */ = {isa = PBXFileReference; lastKnownFileType = wrapper.framework; name = SwiftUI.framework; path = /System/Library/Frameworks/SwiftUI.framework; sourceTree = "<absolute>"; };
		4289FD302D70F1A800EC2762 /* NactionsWidgetsTests.xctest */ = {isa = PBXFileReference; explicitFileType = wrapper.cfbundle; includeInIndex = 0; path = NactionsWidgetsTests.xctest; sourceTree = BUILT_PRODUCTS_DIR; };
		4289FD662D70F20E00EC2762 /* NactionsKit.framework */ = {isa = PBXFileReference; explicitFileType = wrapper.framework; includeInIndex = 0; path = NactionsKit.framework; sourceTree = BUILT_PRODUCTS_DIR; };
		4289FD6D2D70F20E00EC2762 /* NactionsKitTests.xctest */ = {isa = PBXFileReference; explicitFileType = wrapper.cfbundle; includeInIndex = 0; path = NactionsKitTests.xctest; sourceTree = BUILT_PRODUCTS_DIR; };
		42BAE9B62D7062F700E90D94 /* Nactions.app */ = {isa = PBXFileReference; explicitFileType = wrapper.application; includeInIndex = 0; path = Nactions.app; sourceTree = BUILT_PRODUCTS_DIR; };
		42BAE9CA2D7062F800E90D94 /* NactionsTests.xctest */ = {isa = PBXFileReference; explicitFileType = wrapper.cfbundle; includeInIndex = 0; path = NactionsTests.xctest; sourceTree = BUILT_PRODUCTS_DIR; };
		42BAE9D42D7062F800E90D94 /* NactionsUITests.xctest */ = {isa = PBXFileReference; explicitFileType = wrapper.cfbundle; includeInIndex = 0; path = NactionsUITests.xctest; sourceTree = BUILT_PRODUCTS_DIR; };
/* End PBXFileReference section */

/* Begin PBXFileSystemSynchronizedBuildFileExceptionSet section */
		4289FD0D2D70DF8600EC2762 /* Exceptions for "NactionsWidgets" folder in "NactionsWidgetsExtension" target */ = {
			isa = PBXFileSystemSynchronizedBuildFileExceptionSet;
			membershipExceptions = (
				Info.plist,
			);
			target = 4289FCF42D70DF8500EC2762 /* NactionsWidgetsExtension */;
		};
		4289FD7E2D70F20E00EC2762 /* Exceptions for "NactionsKit" folder in "NactionsKit" target */ = {
			isa = PBXFileSystemSynchronizedBuildFileExceptionSet;
			publicHeaders = (
				NactionsKit.h,
			);
			target = 4289FD652D70F20E00EC2762 /* NactionsKit */;
		};
		42BAE9DC2D7062F800E90D94 /* Exceptions for "Nactions" folder in "Nactions" target */ = {
			isa = PBXFileSystemSynchronizedBuildFileExceptionSet;
			membershipExceptions = (
				Info.plist,
			);
			target = 42BAE9B52D7062F700E90D94 /* Nactions */;
		};
/* End PBXFileSystemSynchronizedBuildFileExceptionSet section */

/* Begin PBXFileSystemSynchronizedRootGroup section */
		4289FCFB2D70DF8500EC2762 /* NactionsWidgets */ = {
			isa = PBXFileSystemSynchronizedRootGroup;
			exceptions = (
				4289FD0D2D70DF8600EC2762 /* Exceptions for "NactionsWidgets" folder in "NactionsWidgetsExtension" target */,
			);
			path = NactionsWidgets;
			sourceTree = "<group>";
		};
		4289FD362D70F1A800EC2762 /* NactionsWidgetsTests */ = {
			isa = PBXFileSystemSynchronizedRootGroup;
			path = NactionsWidgetsTests;
			sourceTree = "<group>";
		};
		4289FD672D70F20E00EC2762 /* NactionsKit */ = {
			isa = PBXFileSystemSynchronizedRootGroup;
			exceptions = (
				4289FD7E2D70F20E00EC2762 /* Exceptions for "NactionsKit" folder in "NactionsKit" target */,
			);
			path = NactionsKit;
			sourceTree = "<group>";
		};
		4289FD732D70F20E00EC2762 /* NactionsSharedTests */ = {
			isa = PBXFileSystemSynchronizedRootGroup;
			path = NactionsSharedTests;
			sourceTree = "<group>";
		};
		42BAE9B82D7062F700E90D94 /* Nactions */ = {
			isa = PBXFileSystemSynchronizedRootGroup;
			exceptions = (
				42BAE9DC2D7062F800E90D94 /* Exceptions for "Nactions" folder in "Nactions" target */,
			);
			path = Nactions;
			sourceTree = "<group>";
		};
		42BAE9CD2D7062F800E90D94 /* NactionsTests */ = {
			isa = PBXFileSystemSynchronizedRootGroup;
			path = NactionsTests;
			sourceTree = "<group>";
		};
		42BAE9D72D7062F800E90D94 /* NactionsUITests */ = {
			isa = PBXFileSystemSynchronizedRootGroup;
			path = NactionsUITests;
			sourceTree = "<group>";
		};
/* End PBXFileSystemSynchronizedRootGroup section */

/* Begin PBXFrameworksBuildPhase section */
		4289FCF22D70DF8500EC2762 /* Frameworks */ = {
			isa = PBXFrameworksBuildPhase;
			buildActionMask = 2147483647;
			files = (
				4289FCFA2D70DF8500EC2762 /* SwiftUI.framework in Frameworks */,
				4289FCF82D70DF8500EC2762 /* WidgetKit.framework in Frameworks */,
				4289FDA12D712BD400EC2762 /* NactionsKit.framework in Frameworks */,
			);
			runOnlyForDeploymentPostprocessing = 0;
		};
		4289FD2D2D70F1A800EC2762 /* Frameworks */ = {
			isa = PBXFrameworksBuildPhase;
			buildActionMask = 2147483647;
			files = (
			);
			runOnlyForDeploymentPostprocessing = 0;
		};
		4289FD632D70F20E00EC2762 /* Frameworks */ = {
			isa = PBXFrameworksBuildPhase;
			buildActionMask = 2147483647;
			files = (
			);
			runOnlyForDeploymentPostprocessing = 0;
		};
		4289FD6A2D70F20E00EC2762 /* Frameworks */ = {
			isa = PBXFrameworksBuildPhase;
			buildActionMask = 2147483647;
			files = (
				4289FD6E2D70F20E00EC2762 /* NactionsKit.framework in Frameworks */,
			);
			runOnlyForDeploymentPostprocessing = 0;
		};
		42BAE9B32D7062F700E90D94 /* Frameworks */ = {
			isa = PBXFrameworksBuildPhase;
			buildActionMask = 2147483647;
			files = (
				4289FD9C2D712BC900EC2762 /* NactionsKit.framework in Frameworks */,
			);
			runOnlyForDeploymentPostprocessing = 0;
		};
		42BAE9C72D7062F800E90D94 /* Frameworks */ = {
			isa = PBXFrameworksBuildPhase;
			buildActionMask = 2147483647;
			files = (
			);
			runOnlyForDeploymentPostprocessing = 0;
		};
		42BAE9D12D7062F800E90D94 /* Frameworks */ = {
			isa = PBXFrameworksBuildPhase;
			buildActionMask = 2147483647;
			files = (
			);
			runOnlyForDeploymentPostprocessing = 0;
		};
/* End PBXFrameworksBuildPhase section */

/* Begin PBXGroup section */
		4289FCF62D70DF8500EC2762 /* Frameworks */ = {
			isa = PBXGroup;
			children = (
				4289FCF72D70DF8500EC2762 /* WidgetKit.framework */,
				4289FCF92D70DF8500EC2762 /* SwiftUI.framework */,
			);
			name = Frameworks;
			sourceTree = "<group>";
		};
		42BAE9AD2D7062F700E90D94 = {
			isa = PBXGroup;
			children = (
				42BAE9B82D7062F700E90D94 /* Nactions */,
				42BAE9CD2D7062F800E90D94 /* NactionsTests */,
				42BAE9D72D7062F800E90D94 /* NactionsUITests */,
				4289FCFB2D70DF8500EC2762 /* NactionsWidgets */,
				4289FD362D70F1A800EC2762 /* NactionsWidgetsTests */,
				4289FD672D70F20E00EC2762 /* NactionsKit */,
				4289FD732D70F20E00EC2762 /* NactionsSharedTests */,
				4289FCF62D70DF8500EC2762 /* Frameworks */,
				42BAE9B72D7062F700E90D94 /* Products */,
			);
			sourceTree = "<group>";
		};
		42BAE9B72D7062F700E90D94 /* Products */ = {
			isa = PBXGroup;
			children = (
				42BAE9B62D7062F700E90D94 /* Nactions.app */,
				42BAE9CA2D7062F800E90D94 /* NactionsTests.xctest */,
				42BAE9D42D7062F800E90D94 /* NactionsUITests.xctest */,
				4289FCF52D70DF8500EC2762 /* NactionsWidgetsExtension.appex */,
				4289FD302D70F1A800EC2762 /* NactionsWidgetsTests.xctest */,
				4289FD662D70F20E00EC2762 /* NactionsKit.framework */,
				4289FD6D2D70F20E00EC2762 /* NactionsKitTests.xctest */,
			);
			name = Products;
			sourceTree = "<group>";
		};
/* End PBXGroup section */

/* Begin PBXHeadersBuildPhase section */
		4289FD612D70F20E00EC2762 /* Headers */ = {
			isa = PBXHeadersBuildPhase;
			buildActionMask = 2147483647;
			files = (
			);
			runOnlyForDeploymentPostprocessing = 0;
		};
/* End PBXHeadersBuildPhase section */

/* Begin PBXNativeTarget section */
		4289FCF42D70DF8500EC2762 /* NactionsWidgetsExtension */ = {
			isa = PBXNativeTarget;
			buildConfigurationList = 4289FD0C2D70DF8600EC2762 /* Build configuration list for PBXNativeTarget "NactionsWidgetsExtension" */;
			buildPhases = (
				4289FCF12D70DF8500EC2762 /* Sources */,
				4289FCF22D70DF8500EC2762 /* Frameworks */,
				4289FCF32D70DF8500EC2762 /* Resources */,
				4289FDA52D712BD400EC2762 /* Embed Frameworks */,
			);
			buildRules = (
			);
			dependencies = (
				4289FDA42D712BD400EC2762 /* PBXTargetDependency */,
			);
			fileSystemSynchronizedGroups = (
				4289FCFB2D70DF8500EC2762 /* NactionsWidgets */,
			);
			name = NactionsWidgetsExtension;
			packageProductDependencies = (
			);
			productName = NactionsWidgetsExtension;
			productReference = 4289FCF52D70DF8500EC2762 /* NactionsWidgetsExtension.appex */;
			productType = "com.apple.product-type.app-extension";
		};
		4289FD2F2D70F1A800EC2762 /* NactionsWidgetsTests */ = {
			isa = PBXNativeTarget;
			buildConfigurationList = 4289FD432D70F1A800EC2762 /* Build configuration list for PBXNativeTarget "NactionsWidgetsTests" */;
			buildPhases = (
				4289FD2C2D70F1A800EC2762 /* Sources */,
				4289FD2D2D70F1A800EC2762 /* Frameworks */,
				4289FD2E2D70F1A800EC2762 /* Resources */,
			);
			buildRules = (
			);
			dependencies = (
				4289FD352D70F1A800EC2762 /* PBXTargetDependency */,
			);
			fileSystemSynchronizedGroups = (
				4289FD362D70F1A800EC2762 /* NactionsWidgetsTests */,
			);
			name = NactionsWidgetsTests;
			packageProductDependencies = (
			);
			productName = NactionsWidgetsTests;
			productReference = 4289FD302D70F1A800EC2762 /* NactionsWidgetsTests.xctest */;
			productType = "com.apple.product-type.bundle.unit-test";
		};
		4289FD652D70F20E00EC2762 /* NactionsKit */ = {
			isa = PBXNativeTarget;
			buildConfigurationList = 4289FD7B2D70F20E00EC2762 /* Build configuration list for PBXNativeTarget "NactionsKit" */;
			buildPhases = (
				4289FD612D70F20E00EC2762 /* Headers */,
				4289FD622D70F20E00EC2762 /* Sources */,
				4289FD632D70F20E00EC2762 /* Frameworks */,
				4289FD642D70F20E00EC2762 /* Resources */,
			);
			buildRules = (
			);
			dependencies = (
			);
			fileSystemSynchronizedGroups = (
				4289FD672D70F20E00EC2762 /* NactionsKit */,
			);
			name = NactionsKit;
			packageProductDependencies = (
			);
			productName = NactionsShared;
			productReference = 4289FD662D70F20E00EC2762 /* NactionsKit.framework */;
			productType = "com.apple.product-type.framework";
		};
		4289FD6C2D70F20E00EC2762 /* NactionsKitTests */ = {
			isa = PBXNativeTarget;
			buildConfigurationList = 4289FD7F2D70F20E00EC2762 /* Build configuration list for PBXNativeTarget "NactionsKitTests" */;
			buildPhases = (
				4289FD692D70F20E00EC2762 /* Sources */,
				4289FD6A2D70F20E00EC2762 /* Frameworks */,
				4289FD6B2D70F20E00EC2762 /* Resources */,
			);
			buildRules = (
			);
			dependencies = (
				4289FD702D70F20E00EC2762 /* PBXTargetDependency */,
				4289FD722D70F20E00EC2762 /* PBXTargetDependency */,
			);
			fileSystemSynchronizedGroups = (
				4289FD732D70F20E00EC2762 /* NactionsSharedTests */,
			);
			name = NactionsKitTests;
			packageProductDependencies = (
			);
			productName = NactionsSharedTests;
			productReference = 4289FD6D2D70F20E00EC2762 /* NactionsKitTests.xctest */;
			productType = "com.apple.product-type.bundle.unit-test";
		};
		42BAE9B52D7062F700E90D94 /* Nactions */ = {
			isa = PBXNativeTarget;
			buildConfigurationList = 42BAE9DD2D7062F800E90D94 /* Build configuration list for PBXNativeTarget "Nactions" */;
			buildPhases = (
				42BAE9B22D7062F700E90D94 /* Sources */,
				42BAE9B32D7062F700E90D94 /* Frameworks */,
				42BAE9B42D7062F700E90D94 /* Resources */,
				4289FD092D70DF8600EC2762 /* Embed Foundation Extensions */,
				4289FDA02D712BC900EC2762 /* Embed Frameworks */,
			);
			buildRules = (
			);
			dependencies = (
				4289FD072D70DF8600EC2762 /* PBXTargetDependency */,
				4289FD9F2D712BC900EC2762 /* PBXTargetDependency */,
			);
			fileSystemSynchronizedGroups = (
				42BAE9B82D7062F700E90D94 /* Nactions */,
			);
			name = Nactions;
			packageProductDependencies = (
			);
			productName = Nactions;
			productReference = 42BAE9B62D7062F700E90D94 /* Nactions.app */;
			productType = "com.apple.product-type.application";
		};
		42BAE9C92D7062F800E90D94 /* NactionsTests */ = {
			isa = PBXNativeTarget;
			buildConfigurationList = 42BAE9E22D7062F800E90D94 /* Build configuration list for PBXNativeTarget "NactionsTests" */;
			buildPhases = (
				42BAE9C62D7062F800E90D94 /* Sources */,
				42BAE9C72D7062F800E90D94 /* Frameworks */,
				42BAE9C82D7062F800E90D94 /* Resources */,
			);
			buildRules = (
			);
			dependencies = (
				42BAE9CC2D7062F800E90D94 /* PBXTargetDependency */,
			);
			fileSystemSynchronizedGroups = (
				42BAE9CD2D7062F800E90D94 /* NactionsTests */,
			);
			name = NactionsTests;
			packageProductDependencies = (
			);
			productName = NactionsTests;
			productReference = 42BAE9CA2D7062F800E90D94 /* NactionsTests.xctest */;
			productType = "com.apple.product-type.bundle.unit-test";
		};
		42BAE9D32D7062F800E90D94 /* NactionsUITests */ = {
			isa = PBXNativeTarget;
			buildConfigurationList = 42BAE9E52D7062F800E90D94 /* Build configuration list for PBXNativeTarget "NactionsUITests" */;
			buildPhases = (
				42BAE9D02D7062F800E90D94 /* Sources */,
				42BAE9D12D7062F800E90D94 /* Frameworks */,
				42BAE9D22D7062F800E90D94 /* Resources */,
			);
			buildRules = (
			);
			dependencies = (
				42BAE9D62D7062F800E90D94 /* PBXTargetDependency */,
			);
			fileSystemSynchronizedGroups = (
				42BAE9D72D7062F800E90D94 /* NactionsUITests */,
			);
			name = NactionsUITests;
			packageProductDependencies = (
			);
			productName = NactionsUITests;
			productReference = 42BAE9D42D7062F800E90D94 /* NactionsUITests.xctest */;
			productType = "com.apple.product-type.bundle.ui-testing";
		};
/* End PBXNativeTarget section */

/* Begin PBXProject section */
		42BAE9AE2D7062F700E90D94 /* Project object */ = {
			isa = PBXProject;
			attributes = {
				BuildIndependentTargetsInParallel = 1;
				LastSwiftUpdateCheck = 1620;
				LastUpgradeCheck = 1620;
				TargetAttributes = {
					4289FCF42D70DF8500EC2762 = {
						CreatedOnToolsVersion = 16.2;
					};
					4289FD2F2D70F1A800EC2762 = {
						CreatedOnToolsVersion = 16.2;
						TestTargetID = 42BAE9B52D7062F700E90D94;
					};
					4289FD652D70F20E00EC2762 = {
						CreatedOnToolsVersion = 16.2;
						LastSwiftMigration = 1620;
					};
					4289FD6C2D70F20E00EC2762 = {
						CreatedOnToolsVersion = 16.2;
						TestTargetID = 42BAE9B52D7062F700E90D94;
					};
					42BAE9B52D7062F700E90D94 = {
						CreatedOnToolsVersion = 16.2;
					};
					42BAE9C92D7062F800E90D94 = {
						CreatedOnToolsVersion = 16.2;
						TestTargetID = 42BAE9B52D7062F700E90D94;
					};
					42BAE9D32D7062F800E90D94 = {
						CreatedOnToolsVersion = 16.2;
						TestTargetID = 42BAE9B52D7062F700E90D94;
					};
				};
			};
			buildConfigurationList = 42BAE9B12D7062F700E90D94 /* Build configuration list for PBXProject "Nactions" */;
			developmentRegion = en;
			hasScannedForEncodings = 0;
			knownRegions = (
				en,
				Base,
			);
			mainGroup = 42BAE9AD2D7062F700E90D94;
			minimizedProjectReferenceProxies = 1;
			preferredProjectObjectVersion = 77;
			productRefGroup = 42BAE9B72D7062F700E90D94 /* Products */;
			projectDirPath = "";
			projectRoot = "";
			targets = (
				42BAE9B52D7062F700E90D94 /* Nactions */,
				42BAE9C92D7062F800E90D94 /* NactionsTests */,
				42BAE9D32D7062F800E90D94 /* NactionsUITests */,
				4289FCF42D70DF8500EC2762 /* NactionsWidgetsExtension */,
				4289FD2F2D70F1A800EC2762 /* NactionsWidgetsTests */,
				4289FD652D70F20E00EC2762 /* NactionsKit */,
				4289FD6C2D70F20E00EC2762 /* NactionsKitTests */,
			);
		};
/* End PBXProject section */

/* Begin PBXResourcesBuildPhase section */
		4289FCF32D70DF8500EC2762 /* Resources */ = {
			isa = PBXResourcesBuildPhase;
			buildActionMask = 2147483647;
			files = (
			);
			runOnlyForDeploymentPostprocessing = 0;
		};
		4289FD2E2D70F1A800EC2762 /* Resources */ = {
			isa = PBXResourcesBuildPhase;
			buildActionMask = 2147483647;
			files = (
			);
			runOnlyForDeploymentPostprocessing = 0;
		};
		4289FD642D70F20E00EC2762 /* Resources */ = {
			isa = PBXResourcesBuildPhase;
			buildActionMask = 2147483647;
			files = (
			);
			runOnlyForDeploymentPostprocessing = 0;
		};
		4289FD6B2D70F20E00EC2762 /* Resources */ = {
			isa = PBXResourcesBuildPhase;
			buildActionMask = 2147483647;
			files = (
			);
			runOnlyForDeploymentPostprocessing = 0;
		};
		42BAE9B42D7062F700E90D94 /* Resources */ = {
			isa = PBXResourcesBuildPhase;
			buildActionMask = 2147483647;
			files = (
			);
			runOnlyForDeploymentPostprocessing = 0;
		};
		42BAE9C82D7062F800E90D94 /* Resources */ = {
			isa = PBXResourcesBuildPhase;
			buildActionMask = 2147483647;
			files = (
			);
			runOnlyForDeploymentPostprocessing = 0;
		};
		42BAE9D22D7062F800E90D94 /* Resources */ = {
			isa = PBXResourcesBuildPhase;
			buildActionMask = 2147483647;
			files = (
			);
			runOnlyForDeploymentPostprocessing = 0;
		};
/* End PBXResourcesBuildPhase section */

/* Begin PBXSourcesBuildPhase section */
		4289FCF12D70DF8500EC2762 /* Sources */ = {
			isa = PBXSourcesBuildPhase;
			buildActionMask = 2147483647;
			files = (
			);
			runOnlyForDeploymentPostprocessing = 0;
		};
		4289FD2C2D70F1A800EC2762 /* Sources */ = {
			isa = PBXSourcesBuildPhase;
			buildActionMask = 2147483647;
			files = (
			);
			runOnlyForDeploymentPostprocessing = 0;
		};
		4289FD622D70F20E00EC2762 /* Sources */ = {
			isa = PBXSourcesBuildPhase;
			buildActionMask = 2147483647;
			files = (
			);
			runOnlyForDeploymentPostprocessing = 0;
		};
		4289FD692D70F20E00EC2762 /* Sources */ = {
			isa = PBXSourcesBuildPhase;
			buildActionMask = 2147483647;
			files = (
			);
			runOnlyForDeploymentPostprocessing = 0;
		};
		42BAE9B22D7062F700E90D94 /* Sources */ = {
			isa = PBXSourcesBuildPhase;
			buildActionMask = 2147483647;
			files = (
			);
			runOnlyForDeploymentPostprocessing = 0;
		};
		42BAE9C62D7062F800E90D94 /* Sources */ = {
			isa = PBXSourcesBuildPhase;
			buildActionMask = 2147483647;
			files = (
			);
			runOnlyForDeploymentPostprocessing = 0;
		};
		42BAE9D02D7062F800E90D94 /* Sources */ = {
			isa = PBXSourcesBuildPhase;
			buildActionMask = 2147483647;
			files = (
			);
			runOnlyForDeploymentPostprocessing = 0;
		};
/* End PBXSourcesBuildPhase section */

/* Begin PBXTargetDependency section */
		4289FD072D70DF8600EC2762 /* PBXTargetDependency */ = {
			isa = PBXTargetDependency;
			target = 4289FCF42D70DF8500EC2762 /* NactionsWidgetsExtension */;
			targetProxy = 4289FD062D70DF8600EC2762 /* PBXContainerItemProxy */;
		};
		4289FD352D70F1A800EC2762 /* PBXTargetDependency */ = {
			isa = PBXTargetDependency;
			target = 42BAE9B52D7062F700E90D94 /* Nactions */;
			targetProxy = 4289FD342D70F1A800EC2762 /* PBXContainerItemProxy */;
		};
		4289FD702D70F20E00EC2762 /* PBXTargetDependency */ = {
			isa = PBXTargetDependency;
			target = 4289FD652D70F20E00EC2762 /* NactionsKit */;
			targetProxy = 4289FD6F2D70F20E00EC2762 /* PBXContainerItemProxy */;
		};
		4289FD722D70F20E00EC2762 /* PBXTargetDependency */ = {
			isa = PBXTargetDependency;
			target = 42BAE9B52D7062F700E90D94 /* Nactions */;
			targetProxy = 4289FD712D70F20E00EC2762 /* PBXContainerItemProxy */;
		};
		4289FD9F2D712BC900EC2762 /* PBXTargetDependency */ = {
			isa = PBXTargetDependency;
			target = 4289FD652D70F20E00EC2762 /* NactionsKit */;
			targetProxy = 4289FD9E2D712BC900EC2762 /* PBXContainerItemProxy */;
		};
		4289FDA42D712BD400EC2762 /* PBXTargetDependency */ = {
			isa = PBXTargetDependency;
			target = 4289FD652D70F20E00EC2762 /* NactionsKit */;
			targetProxy = 4289FDA32D712BD400EC2762 /* PBXContainerItemProxy */;
		};
		42BAE9CC2D7062F800E90D94 /* PBXTargetDependency */ = {
			isa = PBXTargetDependency;
			target = 42BAE9B52D7062F700E90D94 /* Nactions */;
			targetProxy = 42BAE9CB2D7062F800E90D94 /* PBXContainerItemProxy */;
		};
		42BAE9D62D7062F800E90D94 /* PBXTargetDependency */ = {
			isa = PBXTargetDependency;
			target = 42BAE9B52D7062F700E90D94 /* Nactions */;
			targetProxy = 42BAE9D52D7062F800E90D94 /* PBXContainerItemProxy */;
		};
/* End PBXTargetDependency section */

/* Begin XCBuildConfiguration section */
		4289FD0A2D70DF8600EC2762 /* Debug */ = {
			isa = XCBuildConfiguration;
			buildSettings = {
				ASSETCATALOG_COMPILER_GLOBAL_ACCENT_COLOR_NAME = AccentColor;
				ASSETCATALOG_COMPILER_WIDGET_BACKGROUND_COLOR_NAME = WidgetBackground;
				CODE_SIGN_ENTITLEMENTS = NactionsWidgets/NactionsWidgets.entitlements;
				CODE_SIGN_STYLE = Automatic;
				CURRENT_PROJECT_VERSION = 1;
				DEVELOPMENT_TEAM = FZ8DWDX6A5;
				ENABLE_HARDENED_RUNTIME = YES;
				GENERATE_INFOPLIST_FILE = YES;
				INFOPLIST_FILE = NactionsWidgets/Info.plist;
				INFOPLIST_KEY_CFBundleDisplayName = NactionsWidgets;
				INFOPLIST_KEY_NSHumanReadableCopyright = "";
				IPHONEOS_DEPLOYMENT_TARGET = 17.0;
				LD_RUNPATH_SEARCH_PATHS = (
					"$(inherited)",
					"@executable_path/Frameworks",
					"@executable_path/../../Frameworks",
				);
				"LD_RUNPATH_SEARCH_PATHS[sdk=macosx*]" = (
					"$(inherited)",
					"@executable_path/../Frameworks",
					"@executable_path/../../../../Frameworks",
				);
				MACOSX_DEPLOYMENT_TARGET = 14.0;
				MARKETING_VERSION = 1.0;
				PRODUCT_BUNDLE_IDENTIFIER = jmount.Nactions.NactionsWidgets;
				PRODUCT_NAME = "$(TARGET_NAME)";
				SDKROOT = auto;
				SKIP_INSTALL = YES;
				SUPPORTED_PLATFORMS = "iphoneos iphonesimulator";
				SUPPORTS_MACCATALYST = NO;
				SWIFT_EMIT_LOC_STRINGS = YES;
				SWIFT_VERSION = 5.0;
				TARGETED_DEVICE_FAMILY = "1,2";
			};
			name = Debug;
		};
		4289FD0B2D70DF8600EC2762 /* Release */ = {
			isa = XCBuildConfiguration;
			buildSettings = {
				ASSETCATALOG_COMPILER_GLOBAL_ACCENT_COLOR_NAME = AccentColor;
				ASSETCATALOG_COMPILER_WIDGET_BACKGROUND_COLOR_NAME = WidgetBackground;
				CODE_SIGN_ENTITLEMENTS = NactionsWidgets/NactionsWidgets.entitlements;
				CODE_SIGN_STYLE = Automatic;
				CURRENT_PROJECT_VERSION = 1;
				DEVELOPMENT_TEAM = FZ8DWDX6A5;
				ENABLE_HARDENED_RUNTIME = YES;
				GENERATE_INFOPLIST_FILE = YES;
				INFOPLIST_FILE = NactionsWidgets/Info.plist;
				INFOPLIST_KEY_CFBundleDisplayName = NactionsWidgets;
				INFOPLIST_KEY_NSHumanReadableCopyright = "";
				IPHONEOS_DEPLOYMENT_TARGET = 17.0;
				LD_RUNPATH_SEARCH_PATHS = (
					"$(inherited)",
					"@executable_path/Frameworks",
					"@executable_path/../../Frameworks",
				);
				"LD_RUNPATH_SEARCH_PATHS[sdk=macosx*]" = (
					"$(inherited)",
					"@executable_path/../Frameworks",
					"@executable_path/../../../../Frameworks",
				);
				MACOSX_DEPLOYMENT_TARGET = 14.0;
				MARKETING_VERSION = 1.0;
				PRODUCT_BUNDLE_IDENTIFIER = jmount.Nactions.NactionsWidgets;
				PRODUCT_NAME = "$(TARGET_NAME)";
				SDKROOT = auto;
				SKIP_INSTALL = YES;
				SUPPORTED_PLATFORMS = "iphoneos iphonesimulator";
				SUPPORTS_MACCATALYST = NO;
				SWIFT_EMIT_LOC_STRINGS = YES;
				SWIFT_VERSION = 5.0;
				TARGETED_DEVICE_FAMILY = "1,2";
			};
			name = Release;
		};
		4289FD442D70F1A800EC2762 /* Debug */ = {
			isa = XCBuildConfiguration;
			buildSettings = {
				CODE_SIGN_STYLE = Automatic;
				CURRENT_PROJECT_VERSION = 1;
				DEVELOPMENT_TEAM = FZ8DWDX6A5;
				GENERATE_INFOPLIST_FILE = YES;
				IPHONEOS_DEPLOYMENT_TARGET = 17.0;
				MACOSX_DEPLOYMENT_TARGET = 14.0;
				MARKETING_VERSION = 1.0;
				PRODUCT_BUNDLE_IDENTIFIER = jmount.Nactions.NactionsWidgetsTests;
				PRODUCT_NAME = "$(TARGET_NAME)";
				REGISTER_APP_GROUPS = NO;
				SDKROOT = iphoneos;
				SUPPORTED_PLATFORMS = "iphoneos iphonesimulator";
				SUPPORTS_MACCATALYST = NO;
				SUPPORTS_MAC_DESIGNED_FOR_IPHONE_IPAD = NO;
				SUPPORTS_XR_DESIGNED_FOR_IPHONE_IPAD = NO;
				SWIFT_EMIT_LOC_STRINGS = NO;
				SWIFT_VERSION = 5.0;
				TARGETED_DEVICE_FAMILY = "1,2";
				TEST_HOST = "$(BUILT_PRODUCTS_DIR)/Nactions.app/$(BUNDLE_EXECUTABLE_FOLDER_PATH)/Nactions";
			};
			name = Debug;
		};
		4289FD452D70F1A800EC2762 /* Release */ = {
			isa = XCBuildConfiguration;
			buildSettings = {
				CODE_SIGN_STYLE = Automatic;
				CURRENT_PROJECT_VERSION = 1;
				DEVELOPMENT_TEAM = FZ8DWDX6A5;
				GENERATE_INFOPLIST_FILE = YES;
				IPHONEOS_DEPLOYMENT_TARGET = 17.0;
				MACOSX_DEPLOYMENT_TARGET = 14.0;
				MARKETING_VERSION = 1.0;
				PRODUCT_BUNDLE_IDENTIFIER = jmount.Nactions.NactionsWidgetsTests;
				PRODUCT_NAME = "$(TARGET_NAME)";
				REGISTER_APP_GROUPS = NO;
				SDKROOT = iphoneos;
				SUPPORTED_PLATFORMS = "iphoneos iphonesimulator";
				SUPPORTS_MACCATALYST = NO;
				SUPPORTS_MAC_DESIGNED_FOR_IPHONE_IPAD = NO;
				SUPPORTS_XR_DESIGNED_FOR_IPHONE_IPAD = NO;
				SWIFT_EMIT_LOC_STRINGS = NO;
				SWIFT_VERSION = 5.0;
				TARGETED_DEVICE_FAMILY = "1,2";
				TEST_HOST = "$(BUILT_PRODUCTS_DIR)/Nactions.app/$(BUNDLE_EXECUTABLE_FOLDER_PATH)/Nactions";
				VALIDATE_PRODUCT = YES;
			};
			name = Release;
		};
		4289FD7C2D70F20E00EC2762 /* Debug */ = {
			isa = XCBuildConfiguration;
			buildSettings = {
				BUILD_LIBRARY_FOR_DISTRIBUTION = YES;
				CLANG_ENABLE_MODULES = YES;
				CODE_SIGN_STYLE = Automatic;
				CURRENT_PROJECT_VERSION = 1;
				DEFINES_MODULE = YES;
				DEVELOPMENT_TEAM = FZ8DWDX6A5;
				DYLIB_COMPATIBILITY_VERSION = 1;
				DYLIB_CURRENT_VERSION = 1;
				DYLIB_INSTALL_NAME_BASE = "@rpath";
				ENABLE_MODULE_VERIFIER = YES;
				GENERATE_INFOPLIST_FILE = YES;
				INFOPLIST_KEY_NSHumanReadableCopyright = "";
				INFOPLIST_KEY_UIRequiredDeviceCapabilities = "";
				INSTALL_PATH = "$(LOCAL_LIBRARY_DIR)/Frameworks";
				IPHONEOS_DEPLOYMENT_TARGET = 17.0;
				LD_RUNPATH_SEARCH_PATHS = (
					"$(inherited)",
					"@executable_path/Frameworks",
					"@loader_path/Frameworks",
				);
				MACOSX_DEPLOYMENT_TARGET = 14.0;
				MARKETING_VERSION = 1.0;
				MODULE_VERIFIER_SUPPORTED_LANGUAGES = "objective-c objective-c++";
				MODULE_VERIFIER_SUPPORTED_LANGUAGE_STANDARDS = "gnu17 gnu++20";
				PRODUCT_BUNDLE_IDENTIFIER = jmount.Nactions.NactionsKIt;
				PRODUCT_NAME = "$(TARGET_NAME:c99extidentifier)";
				REGISTER_APP_GROUPS = NO;
				SDKROOT = iphoneos;
				SKIP_INSTALL = YES;
				SUPPORTED_PLATFORMS = "iphoneos iphonesimulator";
				SUPPORTS_MACCATALYST = NO;
				SUPPORTS_MAC_DESIGNED_FOR_IPHONE_IPAD = NO;
				SUPPORTS_XR_DESIGNED_FOR_IPHONE_IPAD = NO;
				SWIFT_EMIT_LOC_STRINGS = YES;
				SWIFT_INSTALL_OBJC_HEADER = NO;
				SWIFT_OPTIMIZATION_LEVEL = "-Onone";
				SWIFT_VERSION = 5.0;
				TARGETED_DEVICE_FAMILY = "1,2";
				VERSIONING_SYSTEM = "apple-generic";
				VERSION_INFO_PREFIX = "";
			};
			name = Debug;
		};
		4289FD7D2D70F20E00EC2762 /* Release */ = {
			isa = XCBuildConfiguration;
			buildSettings = {
				BUILD_LIBRARY_FOR_DISTRIBUTION = YES;
				CLANG_ENABLE_MODULES = YES;
				CODE_SIGN_STYLE = Automatic;
				CURRENT_PROJECT_VERSION = 1;
				DEFINES_MODULE = YES;
				DEVELOPMENT_TEAM = FZ8DWDX6A5;
				DYLIB_COMPATIBILITY_VERSION = 1;
				DYLIB_CURRENT_VERSION = 1;
				DYLIB_INSTALL_NAME_BASE = "@rpath";
				ENABLE_MODULE_VERIFIER = YES;
				GENERATE_INFOPLIST_FILE = YES;
				INFOPLIST_KEY_NSHumanReadableCopyright = "";
				INFOPLIST_KEY_UIRequiredDeviceCapabilities = "";
				INSTALL_PATH = "$(LOCAL_LIBRARY_DIR)/Frameworks";
				IPHONEOS_DEPLOYMENT_TARGET = 17.0;
				LD_RUNPATH_SEARCH_PATHS = (
					"$(inherited)",
					"@executable_path/Frameworks",
					"@loader_path/Frameworks",
				);
				MACOSX_DEPLOYMENT_TARGET = 14.0;
				MARKETING_VERSION = 1.0;
				MODULE_VERIFIER_SUPPORTED_LANGUAGES = "objective-c objective-c++";
				MODULE_VERIFIER_SUPPORTED_LANGUAGE_STANDARDS = "gnu17 gnu++20";
				PRODUCT_BUNDLE_IDENTIFIER = jmount.Nactions.NactionsKIt;
				PRODUCT_NAME = "$(TARGET_NAME:c99extidentifier)";
				REGISTER_APP_GROUPS = NO;
				SDKROOT = iphoneos;
				SKIP_INSTALL = YES;
				SUPPORTED_PLATFORMS = "iphoneos iphonesimulator";
				SUPPORTS_MACCATALYST = NO;
				SUPPORTS_MAC_DESIGNED_FOR_IPHONE_IPAD = NO;
				SUPPORTS_XR_DESIGNED_FOR_IPHONE_IPAD = NO;
				SWIFT_EMIT_LOC_STRINGS = YES;
				SWIFT_INSTALL_OBJC_HEADER = NO;
				SWIFT_VERSION = 5.0;
				TARGETED_DEVICE_FAMILY = "1,2";
				VALIDATE_PRODUCT = YES;
				VERSIONING_SYSTEM = "apple-generic";
				VERSION_INFO_PREFIX = "";
			};
			name = Release;
		};
		4289FD802D70F20E00EC2762 /* Debug */ = {
			isa = XCBuildConfiguration;
			buildSettings = {
				CODE_SIGN_STYLE = Automatic;
				CURRENT_PROJECT_VERSION = 1;
				DEVELOPMENT_TEAM = FZ8DWDX6A5;
				GENERATE_INFOPLIST_FILE = YES;
				INFOPLIST_KEY_UIRequiredDeviceCapabilities = "";
				IPHONEOS_DEPLOYMENT_TARGET = 17.0;
				MACOSX_DEPLOYMENT_TARGET = 14.0;
				MARKETING_VERSION = 1.0;
				PRODUCT_BUNDLE_IDENTIFIER = jmount.Nactions.NactionsKitTests;
				PRODUCT_NAME = "$(TARGET_NAME)";
				REGISTER_APP_GROUPS = NO;
				SDKROOT = iphoneos;
				SUPPORTED_PLATFORMS = "iphoneos iphonesimulator";
				SUPPORTS_MACCATALYST = NO;
				SUPPORTS_MAC_DESIGNED_FOR_IPHONE_IPAD = NO;
				SUPPORTS_XR_DESIGNED_FOR_IPHONE_IPAD = NO;
				SWIFT_EMIT_LOC_STRINGS = NO;
				SWIFT_VERSION = 5.0;
				TARGETED_DEVICE_FAMILY = "1,2";
				TEST_HOST = "$(BUILT_PRODUCTS_DIR)/Nactions.app/$(BUNDLE_EXECUTABLE_FOLDER_PATH)/Nactions";
			};
			name = Debug;
		};
		4289FD812D70F20E00EC2762 /* Release */ = {
			isa = XCBuildConfiguration;
			buildSettings = {
				CODE_SIGN_STYLE = Automatic;
				CURRENT_PROJECT_VERSION = 1;
				DEVELOPMENT_TEAM = FZ8DWDX6A5;
				GENERATE_INFOPLIST_FILE = YES;
				INFOPLIST_KEY_UIRequiredDeviceCapabilities = "";
				IPHONEOS_DEPLOYMENT_TARGET = 17.0;
				MACOSX_DEPLOYMENT_TARGET = 14.0;
				MARKETING_VERSION = 1.0;
				PRODUCT_BUNDLE_IDENTIFIER = jmount.Nactions.NactionsKitTests;
				PRODUCT_NAME = "$(TARGET_NAME)";
				REGISTER_APP_GROUPS = NO;
				SDKROOT = iphoneos;
				SUPPORTED_PLATFORMS = "iphoneos iphonesimulator";
				SUPPORTS_MACCATALYST = NO;
				SUPPORTS_MAC_DESIGNED_FOR_IPHONE_IPAD = NO;
				SUPPORTS_XR_DESIGNED_FOR_IPHONE_IPAD = NO;
				SWIFT_EMIT_LOC_STRINGS = NO;
				SWIFT_VERSION = 5.0;
				TARGETED_DEVICE_FAMILY = "1,2";
				TEST_HOST = "$(BUILT_PRODUCTS_DIR)/Nactions.app/$(BUNDLE_EXECUTABLE_FOLDER_PATH)/Nactions";
				VALIDATE_PRODUCT = YES;
			};
			name = Release;
		};
		42BAE9DE2D7062F800E90D94 /* Debug */ = {
			isa = XCBuildConfiguration;
			buildSettings = {
				ASSETCATALOG_COMPILER_APPICON_NAME = AppIcon;
				ASSETCATALOG_COMPILER_GLOBAL_ACCENT_COLOR_NAME = AccentColor;
				ASSETCATALOG_COMPILER_INCLUDE_ALL_APPICON_ASSETS = YES;
				CODE_SIGN_ENTITLEMENTS = Nactions/Nactions.entitlements;
				CODE_SIGN_STYLE = Automatic;
				CURRENT_PROJECT_VERSION = 1;
				DEVELOPMENT_ASSET_PATHS = "\"Nactions/Preview Content\"";
				DEVELOPMENT_TEAM = FZ8DWDX6A5;
				ENABLE_HARDENED_RUNTIME = YES;
				ENABLE_PREVIEWS = YES;
				GENERATE_INFOPLIST_FILE = YES;
				INFOPLIST_FILE = Nactions/Info.plist;
				INFOPLIST_KEY_LSApplicationCategoryType = "public.app-category.productivity";
				"INFOPLIST_KEY_UIApplicationSceneManifest_Generation[sdk=iphoneos*]" = YES;
				"INFOPLIST_KEY_UIApplicationSceneManifest_Generation[sdk=iphonesimulator*]" = YES;
				"INFOPLIST_KEY_UIApplicationSupportsIndirectInputEvents[sdk=iphoneos*]" = YES;
				"INFOPLIST_KEY_UIApplicationSupportsIndirectInputEvents[sdk=iphonesimulator*]" = YES;
				"INFOPLIST_KEY_UILaunchScreen_Generation[sdk=iphoneos*]" = YES;
				"INFOPLIST_KEY_UILaunchScreen_Generation[sdk=iphonesimulator*]" = YES;
				"INFOPLIST_KEY_UIStatusBarStyle[sdk=iphoneos*]" = UIStatusBarStyleDefault;
				"INFOPLIST_KEY_UIStatusBarStyle[sdk=iphonesimulator*]" = UIStatusBarStyleDefault;
				INFOPLIST_KEY_UISupportedInterfaceOrientations_iPad = "UIInterfaceOrientationPortrait UIInterfaceOrientationPortraitUpsideDown UIInterfaceOrientationLandscapeLeft UIInterfaceOrientationLandscapeRight";
				INFOPLIST_KEY_UISupportedInterfaceOrientations_iPhone = "UIInterfaceOrientationPortrait UIInterfaceOrientationLandscapeLeft UIInterfaceOrientationLandscapeRight";
				IPHONEOS_DEPLOYMENT_TARGET = 17.0;
				LD_RUNPATH_SEARCH_PATHS = "@executable_path/Frameworks";
				"LD_RUNPATH_SEARCH_PATHS[sdk=macosx*]" = "@executable_path/../Frameworks";
				MACOSX_DEPLOYMENT_TARGET = 14.0;
				MARKETING_VERSION = 1.0;
				PRODUCT_BUNDLE_IDENTIFIER = jmount.Nactions;
				PRODUCT_NAME = "$(TARGET_NAME)";
				SDKROOT = auto;
				SUPPORTED_PLATFORMS = "iphoneos iphonesimulator";
				SUPPORTS_MACCATALYST = NO;
				SWIFT_EMIT_LOC_STRINGS = YES;
				SWIFT_VERSION = 5.0;
				TARGETED_DEVICE_FAMILY = "1,2";
			};
			name = Debug;
		};
		42BAE9DF2D7062F800E90D94 /* Release */ = {
			isa = XCBuildConfiguration;
			buildSettings = {
				ASSETCATALOG_COMPILER_APPICON_NAME = AppIcon;
				ASSETCATALOG_COMPILER_GLOBAL_ACCENT_COLOR_NAME = AccentColor;
				ASSETCATALOG_COMPILER_INCLUDE_ALL_APPICON_ASSETS = YES;
				CODE_SIGN_ENTITLEMENTS = Nactions/Nactions.entitlements;
				CODE_SIGN_STYLE = Automatic;
				CURRENT_PROJECT_VERSION = 1;
				DEVELOPMENT_ASSET_PATHS = "\"Nactions/Preview Content\"";
				DEVELOPMENT_TEAM = FZ8DWDX6A5;
				ENABLE_HARDENED_RUNTIME = YES;
				ENABLE_PREVIEWS = YES;
				GENERATE_INFOPLIST_FILE = YES;
				INFOPLIST_FILE = Nactions/Info.plist;
				INFOPLIST_KEY_LSApplicationCategoryType = "public.app-category.productivity";
				"INFOPLIST_KEY_UIApplicationSceneManifest_Generation[sdk=iphoneos*]" = YES;
				"INFOPLIST_KEY_UIApplicationSceneManifest_Generation[sdk=iphonesimulator*]" = YES;
				"INFOPLIST_KEY_UIApplicationSupportsIndirectInputEvents[sdk=iphoneos*]" = YES;
				"INFOPLIST_KEY_UIApplicationSupportsIndirectInputEvents[sdk=iphonesimulator*]" = YES;
				"INFOPLIST_KEY_UILaunchScreen_Generation[sdk=iphoneos*]" = YES;
				"INFOPLIST_KEY_UILaunchScreen_Generation[sdk=iphonesimulator*]" = YES;
				"INFOPLIST_KEY_UIStatusBarStyle[sdk=iphoneos*]" = UIStatusBarStyleDefault;
				"INFOPLIST_KEY_UIStatusBarStyle[sdk=iphonesimulator*]" = UIStatusBarStyleDefault;
				INFOPLIST_KEY_UISupportedInterfaceOrientations_iPad = "UIInterfaceOrientationPortrait UIInterfaceOrientationPortraitUpsideDown UIInterfaceOrientationLandscapeLeft UIInterfaceOrientationLandscapeRight";
				INFOPLIST_KEY_UISupportedInterfaceOrientations_iPhone = "UIInterfaceOrientationPortrait UIInterfaceOrientationLandscapeLeft UIInterfaceOrientationLandscapeRight";
				IPHONEOS_DEPLOYMENT_TARGET = 17.0;
				LD_RUNPATH_SEARCH_PATHS = "@executable_path/Frameworks";
				"LD_RUNPATH_SEARCH_PATHS[sdk=macosx*]" = "@executable_path/../Frameworks";
				MACOSX_DEPLOYMENT_TARGET = 14.0;
				MARKETING_VERSION = 1.0;
				PRODUCT_BUNDLE_IDENTIFIER = jmount.Nactions;
				PRODUCT_NAME = "$(TARGET_NAME)";
				SDKROOT = auto;
				SUPPORTED_PLATFORMS = "iphoneos iphonesimulator";
				SUPPORTS_MACCATALYST = NO;
				SWIFT_EMIT_LOC_STRINGS = YES;
				SWIFT_VERSION = 5.0;
				TARGETED_DEVICE_FAMILY = "1,2";
			};
			name = Release;
		};
		42BAE9E02D7062F800E90D94 /* Debug */ = {
			isa = XCBuildConfiguration;
			buildSettings = {
				ALWAYS_SEARCH_USER_PATHS = NO;
				ASSETCATALOG_COMPILER_GENERATE_SWIFT_ASSET_SYMBOL_EXTENSIONS = YES;
				CLANG_ANALYZER_NONNULL = YES;
				CLANG_ANALYZER_NUMBER_OBJECT_CONVERSION = YES_AGGRESSIVE;
				CLANG_CXX_LANGUAGE_STANDARD = "gnu++20";
				CLANG_ENABLE_MODULES = YES;
				CLANG_ENABLE_OBJC_ARC = YES;
				CLANG_ENABLE_OBJC_WEAK = YES;
				CLANG_WARN_BLOCK_CAPTURE_AUTORELEASING = YES;
				CLANG_WARN_BOOL_CONVERSION = YES;
				CLANG_WARN_COMMA = YES;
				CLANG_WARN_CONSTANT_CONVERSION = YES;
				CLANG_WARN_DEPRECATED_OBJC_IMPLEMENTATIONS = YES;
				CLANG_WARN_DIRECT_OBJC_ISA_USAGE = YES_ERROR;
				CLANG_WARN_DOCUMENTATION_COMMENTS = YES;
				CLANG_WARN_EMPTY_BODY = YES;
				CLANG_WARN_ENUM_CONVERSION = YES;
				CLANG_WARN_INFINITE_RECURSION = YES;
				CLANG_WARN_INT_CONVERSION = YES;
				CLANG_WARN_NON_LITERAL_NULL_CONVERSION = YES;
				CLANG_WARN_OBJC_IMPLICIT_RETAIN_SELF = YES;
				CLANG_WARN_OBJC_LITERAL_CONVERSION = YES;
				CLANG_WARN_OBJC_ROOT_CLASS = YES_ERROR;
				CLANG_WARN_QUOTED_INCLUDE_IN_FRAMEWORK_HEADER = YES;
				CLANG_WARN_RANGE_LOOP_ANALYSIS = YES;
				CLANG_WARN_STRICT_PROTOTYPES = YES;
				CLANG_WARN_SUSPICIOUS_MOVE = YES;
				CLANG_WARN_UNGUARDED_AVAILABILITY = YES_AGGRESSIVE;
				CLANG_WARN_UNREACHABLE_CODE = YES;
				CLANG_WARN__DUPLICATE_METHOD_MATCH = YES;
				COPY_PHASE_STRIP = NO;
				DEBUG_INFORMATION_FORMAT = dwarf;
				ENABLE_STRICT_OBJC_MSGSEND = YES;
				ENABLE_TESTABILITY = YES;
				ENABLE_USER_SCRIPT_SANDBOXING = YES;
				GCC_C_LANGUAGE_STANDARD = gnu17;
				GCC_DYNAMIC_NO_PIC = NO;
				GCC_NO_COMMON_BLOCKS = YES;
				GCC_OPTIMIZATION_LEVEL = 0;
				GCC_PREPROCESSOR_DEFINITIONS = (
					"DEBUG=1",
					"$(inherited)",
				);
				GCC_WARN_64_TO_32_BIT_CONVERSION = YES;
				GCC_WARN_ABOUT_RETURN_TYPE = YES_ERROR;
				GCC_WARN_UNDECLARED_SELECTOR = YES;
				GCC_WARN_UNINITIALIZED_AUTOS = YES_AGGRESSIVE;
				GCC_WARN_UNUSED_FUNCTION = YES;
				GCC_WARN_UNUSED_VARIABLE = YES;
				INFOPLIST_KEY_UIRequiredDeviceCapabilities = "";
				LOCALIZATION_PREFERS_STRING_CATALOGS = YES;
				MTL_ENABLE_DEBUG_INFO = INCLUDE_SOURCE;
				MTL_FAST_MATH = YES;
				ONLY_ACTIVE_ARCH = YES;
				RESOURCES_TARGETED_DEVICE_FAMILY = "";
				SWIFT_ACTIVE_COMPILATION_CONDITIONS = "DEBUG $(inherited)";
				SWIFT_OPTIMIZATION_LEVEL = "-Onone";
				TARGETED_DEVICE_FAMILY = "";
			};
			name = Debug;
		};
		42BAE9E12D7062F800E90D94 /* Release */ = {
			isa = XCBuildConfiguration;
			buildSettings = {
				ALWAYS_SEARCH_USER_PATHS = NO;
				ASSETCATALOG_COMPILER_GENERATE_SWIFT_ASSET_SYMBOL_EXTENSIONS = YES;
				CLANG_ANALYZER_NONNULL = YES;
				CLANG_ANALYZER_NUMBER_OBJECT_CONVERSION = YES_AGGRESSIVE;
				CLANG_CXX_LANGUAGE_STANDARD = "gnu++20";
				CLANG_ENABLE_MODULES = YES;
				CLANG_ENABLE_OBJC_ARC = YES;
				CLANG_ENABLE_OBJC_WEAK = YES;
				CLANG_WARN_BLOCK_CAPTURE_AUTORELEASING = YES;
				CLANG_WARN_BOOL_CONVERSION = YES;
				CLANG_WARN_COMMA = YES;
				CLANG_WARN_CONSTANT_CONVERSION = YES;
				CLANG_WARN_DEPRECATED_OBJC_IMPLEMENTATIONS = YES;
				CLANG_WARN_DIRECT_OBJC_ISA_USAGE = YES_ERROR;
				CLANG_WARN_DOCUMENTATION_COMMENTS = YES;
				CLANG_WARN_EMPTY_BODY = YES;
				CLANG_WARN_ENUM_CONVERSION = YES;
				CLANG_WARN_INFINITE_RECURSION = YES;
				CLANG_WARN_INT_CONVERSION = YES;
				CLANG_WARN_NON_LITERAL_NULL_CONVERSION = YES;
				CLANG_WARN_OBJC_IMPLICIT_RETAIN_SELF = YES;
				CLANG_WARN_OBJC_LITERAL_CONVERSION = YES;
				CLANG_WARN_OBJC_ROOT_CLASS = YES_ERROR;
				CLANG_WARN_QUOTED_INCLUDE_IN_FRAMEWORK_HEADER = YES;
				CLANG_WARN_RANGE_LOOP_ANALYSIS = YES;
				CLANG_WARN_STRICT_PROTOTYPES = YES;
				CLANG_WARN_SUSPICIOUS_MOVE = YES;
				CLANG_WARN_UNGUARDED_AVAILABILITY = YES_AGGRESSIVE;
				CLANG_WARN_UNREACHABLE_CODE = YES;
				CLANG_WARN__DUPLICATE_METHOD_MATCH = YES;
				COPY_PHASE_STRIP = NO;
				DEBUG_INFORMATION_FORMAT = "dwarf-with-dsym";
				ENABLE_NS_ASSERTIONS = NO;
				ENABLE_STRICT_OBJC_MSGSEND = YES;
				ENABLE_USER_SCRIPT_SANDBOXING = YES;
				GCC_C_LANGUAGE_STANDARD = gnu17;
				GCC_NO_COMMON_BLOCKS = YES;
				GCC_WARN_64_TO_32_BIT_CONVERSION = YES;
				GCC_WARN_ABOUT_RETURN_TYPE = YES_ERROR;
				GCC_WARN_UNDECLARED_SELECTOR = YES;
				GCC_WARN_UNINITIALIZED_AUTOS = YES_AGGRESSIVE;
				GCC_WARN_UNUSED_FUNCTION = YES;
				GCC_WARN_UNUSED_VARIABLE = YES;
				INFOPLIST_KEY_UIRequiredDeviceCapabilities = "";
				LOCALIZATION_PREFERS_STRING_CATALOGS = YES;
				MTL_ENABLE_DEBUG_INFO = NO;
				MTL_FAST_MATH = YES;
				ONLY_ACTIVE_ARCH = YES;
				RESOURCES_TARGETED_DEVICE_FAMILY = "";
				SWIFT_COMPILATION_MODE = wholemodule;
				TARGETED_DEVICE_FAMILY = "";
			};
			name = Release;
		};
		42BAE9E32D7062F800E90D94 /* Debug */ = {
			isa = XCBuildConfiguration;
			buildSettings = {
				BUNDLE_LOADER = "$(TEST_HOST)";
				CODE_SIGN_STYLE = Automatic;
				CURRENT_PROJECT_VERSION = 1;
				DEVELOPMENT_TEAM = FZ8DWDX6A5;
				GENERATE_INFOPLIST_FILE = YES;
				IPHONEOS_DEPLOYMENT_TARGET = 17.0;
				MACOSX_DEPLOYMENT_TARGET = 14.0;
				MARKETING_VERSION = 1.0;
				PRODUCT_BUNDLE_IDENTIFIER = jmount.NactionsTests;
				PRODUCT_NAME = "$(TARGET_NAME)";
				SDKROOT = auto;
				SUPPORTED_PLATFORMS = "iphoneos iphonesimulator";
				SUPPORTS_MACCATALYST = NO;
				SWIFT_EMIT_LOC_STRINGS = NO;
				SWIFT_VERSION = 5.0;
				TARGETED_DEVICE_FAMILY = "1,2";
				TEST_HOST = "$(BUILT_PRODUCTS_DIR)/Nactions.app/$(BUNDLE_EXECUTABLE_FOLDER_PATH)/Nactions";
				XROS_DEPLOYMENT_TARGET = 2.2;
			};
			name = Debug;
		};
		42BAE9E42D7062F800E90D94 /* Release */ = {
			isa = XCBuildConfiguration;
			buildSettings = {
				BUNDLE_LOADER = "$(TEST_HOST)";
				CODE_SIGN_STYLE = Automatic;
				CURRENT_PROJECT_VERSION = 1;
				DEVELOPMENT_TEAM = FZ8DWDX6A5;
				GENERATE_INFOPLIST_FILE = YES;
				IPHONEOS_DEPLOYMENT_TARGET = 17.0;
				MACOSX_DEPLOYMENT_TARGET = 14.0;
				MARKETING_VERSION = 1.0;
				PRODUCT_BUNDLE_IDENTIFIER = jmount.NactionsTests;
				PRODUCT_NAME = "$(TARGET_NAME)";
				SDKROOT = auto;
				SUPPORTED_PLATFORMS = "iphoneos iphonesimulator";
				SUPPORTS_MACCATALYST = NO;
				SWIFT_EMIT_LOC_STRINGS = NO;
				SWIFT_VERSION = 5.0;
				TARGETED_DEVICE_FAMILY = "1,2";
				TEST_HOST = "$(BUILT_PRODUCTS_DIR)/Nactions.app/$(BUNDLE_EXECUTABLE_FOLDER_PATH)/Nactions";
				XROS_DEPLOYMENT_TARGET = 2.2;
			};
			name = Release;
		};
		42BAE9E62D7062F800E90D94 /* Debug */ = {
			isa = XCBuildConfiguration;
			buildSettings = {
				CODE_SIGN_STYLE = Automatic;
				CURRENT_PROJECT_VERSION = 1;
				DEVELOPMENT_TEAM = FZ8DWDX6A5;
				GENERATE_INFOPLIST_FILE = YES;
				IPHONEOS_DEPLOYMENT_TARGET = 17.0;
				MACOSX_DEPLOYMENT_TARGET = 14.0;
				MARKETING_VERSION = 1.0;
				PRODUCT_BUNDLE_IDENTIFIER = jmount.NactionsUITests;
				PRODUCT_NAME = "$(TARGET_NAME)";
				SDKROOT = auto;
				SUPPORTED_PLATFORMS = "iphoneos iphonesimulator";
				SUPPORTS_MACCATALYST = NO;
				SWIFT_EMIT_LOC_STRINGS = NO;
				SWIFT_VERSION = 5.0;
				TARGETED_DEVICE_FAMILY = "1,2";
				TEST_TARGET_NAME = Nactions;
			};
			name = Debug;
		};
		42BAE9E72D7062F800E90D94 /* Release */ = {
			isa = XCBuildConfiguration;
			buildSettings = {
				CODE_SIGN_STYLE = Automatic;
				CURRENT_PROJECT_VERSION = 1;
				DEVELOPMENT_TEAM = FZ8DWDX6A5;
				GENERATE_INFOPLIST_FILE = YES;
				IPHONEOS_DEPLOYMENT_TARGET = 17.0;
				MACOSX_DEPLOYMENT_TARGET = 14.0;
				MARKETING_VERSION = 1.0;
				PRODUCT_BUNDLE_IDENTIFIER = jmount.NactionsUITests;
				PRODUCT_NAME = "$(TARGET_NAME)";
				SDKROOT = auto;
				SUPPORTED_PLATFORMS = "iphoneos iphonesimulator";
				SUPPORTS_MACCATALYST = NO;
				SWIFT_EMIT_LOC_STRINGS = NO;
				SWIFT_VERSION = 5.0;
				TARGETED_DEVICE_FAMILY = "1,2";
				TEST_TARGET_NAME = Nactions;
			};
			name = Release;
		};
/* End XCBuildConfiguration section */

/* Begin XCConfigurationList section */
		4289FD0C2D70DF8600EC2762 /* Build configuration list for PBXNativeTarget "NactionsWidgetsExtension" */ = {
			isa = XCConfigurationList;
			buildConfigurations = (
				4289FD0A2D70DF8600EC2762 /* Debug */,
				4289FD0B2D70DF8600EC2762 /* Release */,
			);
			defaultConfigurationIsVisible = 0;
			defaultConfigurationName = Release;
		};
		4289FD432D70F1A800EC2762 /* Build configuration list for PBXNativeTarget "NactionsWidgetsTests" */ = {
			isa = XCConfigurationList;
			buildConfigurations = (
				4289FD442D70F1A800EC2762 /* Debug */,
				4289FD452D70F1A800EC2762 /* Release */,
			);
			defaultConfigurationIsVisible = 0;
			defaultConfigurationName = Release;
		};
		4289FD7B2D70F20E00EC2762 /* Build configuration list for PBXNativeTarget "NactionsKit" */ = {
			isa = XCConfigurationList;
			buildConfigurations = (
				4289FD7C2D70F20E00EC2762 /* Debug */,
				4289FD7D2D70F20E00EC2762 /* Release */,
			);
			defaultConfigurationIsVisible = 0;
			defaultConfigurationName = Release;
		};
		4289FD7F2D70F20E00EC2762 /* Build configuration list for PBXNativeTarget "NactionsKitTests" */ = {
			isa = XCConfigurationList;
			buildConfigurations = (
				4289FD802D70F20E00EC2762 /* Debug */,
				4289FD812D70F20E00EC2762 /* Release */,
			);
			defaultConfigurationIsVisible = 0;
			defaultConfigurationName = Release;
		};
		42BAE9B12D7062F700E90D94 /* Build configuration list for PBXProject "Nactions" */ = {
			isa = XCConfigurationList;
			buildConfigurations = (
				42BAE9E02D7062F800E90D94 /* Debug */,
				42BAE9E12D7062F800E90D94 /* Release */,
			);
			defaultConfigurationIsVisible = 0;
			defaultConfigurationName = Release;
		};
		42BAE9DD2D7062F800E90D94 /* Build configuration list for PBXNativeTarget "Nactions" */ = {
			isa = XCConfigurationList;
			buildConfigurations = (
				42BAE9DE2D7062F800E90D94 /* Debug */,
				42BAE9DF2D7062F800E90D94 /* Release */,
			);
			defaultConfigurationIsVisible = 0;
			defaultConfigurationName = Release;
		};
		42BAE9E22D7062F800E90D94 /* Build configuration list for PBXNativeTarget "NactionsTests" */ = {
			isa = XCConfigurationList;
			buildConfigurations = (
				42BAE9E32D7062F800E90D94 /* Debug */,
				42BAE9E42D7062F800E90D94 /* Release */,
			);
			defaultConfigurationIsVisible = 0;
			defaultConfigurationName = Release;
		};
		42BAE9E52D7062F800E90D94 /* Build configuration list for PBXNativeTarget "NactionsUITests" */ = {
			isa = XCConfigurationList;
			buildConfigurations = (
				42BAE9E62D7062F800E90D94 /* Debug */,
				42BAE9E72D7062F800E90D94 /* Release */,
			);
			defaultConfigurationIsVisible = 0;
			defaultConfigurationName = Release;
		};
/* End XCConfigurationList section */
	};
	rootObject = 42BAE9AE2D7062F700E90D94 /* Project object */;
}
